
Microsoft Visual Studio Solution File, Format Version 12.00
# Visual Studio Version 17
VisualStudioVersion = 17.4.33110.190
MinimumVisualStudioVersion = 10.0.40219.1
Project("{9A19103F-16F7-4668-BE54-9A1E7A4F7556}") = "TemplateProject", "TemplateProject\TemplateProject.csproj", "{54C5CE66-9B30-4BC3-B9D4-E9C34908568A}"
EndProject
Project("{9A19103F-16F7-4668-BE54-9A1E7A4F7556}") = "Day_01_Trebuchet", "Day_01_Trebuchet\Day_01_Trebuchet.csproj", "{5472FDD5-54CF-4B8C-952D-C38A98707A07}"
EndProject
Project("{9A19103F-16F7-4668-BE54-9A1E7A4F7556}") = "Day_02_Cube_Conundrum", "Day_02_Cube_Conundrum\Day_02_Cube_Conundrum.csproj", "{4A610D82-157C-4CE7-9ACF-C400182FCF92}"
EndProject
Project("{9A19103F-16F7-4668-BE54-9A1E7A4F7556}") = "Day_03_Gear_Ratios", "Day_03_Gear_Ratios\Day_03_Gear_Ratios.csproj", "{F5F296B8-9F1F-461B-87CB-EDB5D0F5094A}"
EndProject
Project("{9A19103F-16F7-4668-BE54-9A1E7A4F7556}") = "Day_04_Scratchcards", "Day_04_Scratchcards\Day_04_Scratchcards.csproj", "{8568CD3D-3F3D-4F95-80F8-76B28E1D483B}"
EndProject
Project("{9A19103F-16F7-4668-BE54-9A1E7A4F7556}") = "Day_05_If_You_Give_A_Seed_A_Fertilizer", "Day_05_If_You_Give_A_Seed_A_Fertilizer\Day_05_If_You_Give_A_Seed_A_Fertilizer.csproj", "{BC998212-F485-419E-BEAD-C9E9A41429CE}"
EndProject
Project("{9A19103F-16F7-4668-BE54-9A1E7A4F7556}") = "Day_06_Wait_For_It", "Day_06_Wait_For_It\Day_06_Wait_For_It.csproj", "{0C7B3E60-1D63-4389-86C9-AB5F9D578BCD}"
EndProject
Project("{9A19103F-16F7-4668-BE54-9A1E7A4F7556}") = "Day_07_Camel_Cards", "Day_07_Camel_Cards\Day_07_Camel_Cards.csproj", "{F3D0F1F3-D6FC-4626-9411-A0EC8F5D6B93}"
EndProject
Project("{9A19103F-16F7-4668-BE54-9A1E7A4F7556}") = "Day_08_Haunted_Wasteland", "Day_08_Haunted_Wasteland\Day_08_Haunted_Wasteland.csproj", "{9062AE30-7457-4BBE-BA56-40484FCF317D}"
EndProject
Project("{9A19103F-16F7-4668-BE54-9A1E7A4F7556}") = "Day_09_Mirage_Maintenance", "Day_09_Mirage_Maintenance\Day_09_Mirage_Maintenance.csproj", "{2E82665D-ACB7-468D-90D2-E36778E8C579}"
EndProject
Project("{9A19103F-16F7-4668-BE54-9A1E7A4F7556}") = "Day_10_Pipe_Maze", "Day_10_Pipe_Maze\Day_10_Pipe_Maze.csproj", "{0C46014A-412D-4244-B8AD-F78EDB1754DA}"
EndProject
Project("{9A19103F-16F7-4668-BE54-9A1E7A4F7556}") = "Day_11_Cosmic_Expansion", "Day_11_Cosmic_Expansion\Day_11_Cosmic_Expansion.csproj", "{E4109FA0-E912-4AD4-B48C-190F16C4328C}"
EndProject
Project("{9A19103F-16F7-4668-BE54-9A1E7A4F7556}") = "Day_12_Hot_Springs", "Day_12_Hot_Springs\Day_12_Hot_Springs.csproj", "{4D3ABD4B-2F87-4BDD-AEB8-77BC97AED010}"
EndProject
Project("{9A19103F-16F7-4668-BE54-9A1E7A4F7556}") = "Day_13_Point_of_Incidence", "Day_13_Point_of_Incidence\Day_13_Point_of_Incidence.csproj", "{05A9C06A-4F16-4AA3-B097-1DC70CC46F60}"
EndProject
Project("{9A19103F-16F7-4668-BE54-9A1E7A4F7556}") = "Day_15_Lens_Library", "Day_15_Lens_Library\Day_15_Lens_Library.csproj", "{66A22BD8-ED52-41D2-85EB-C442B546F99F}"
EndProject
Project("{9A19103F-16F7-4668-BE54-9A1E7A4F7556}") = "Day_14_Parabolic_Reflector_Dish", "Day_14_Parabolic_Reflector_Dish\Day_14_Parabolic_Reflector_Dish.csproj", "{9D802B38-F855-43F4-AEB9-3EF8D07625BB}"
EndProject
Project("{9A19103F-16F7-4668-BE54-9A1E7A4F7556}") = "Day_16_The_Floor_Will_Be_Lava", "Day_16_The_Floor_Will_Be_Lava\Day_16_The_Floor_Will_Be_Lava.csproj", "{317BF01E-94C3-424B-A558-F9365CC0B231}"
EndProject
Project("{9A19103F-16F7-4668-BE54-9A1E7A4F7556}") = "Day_17_Clumsy_Crucible", "Day_17_Clumsy_Crucible\Day_17_Clumsy_Crucible.csproj", "{64D60C5B-3F6B-49B3-A568-3BC24F5CC68C}"
EndProject
Project("{9A19103F-16F7-4668-BE54-9A1E7A4F7556}") = "Day_18_Lavaduct_Lagoon", "Day_18_Lavaduct_Lagoon\Day_18_Lavaduct_Lagoon.csproj", "{E5369BDB-C65A-47E1-BE9B-1976E99D6A19}"
EndProject
Project("{2150E333-8FDC-42A3-9474-1A3956D46DE8}") = "Solution Items", "Solution Items", "{0F52F131-10CC-4B30-BE88-1129B42C62D1}"
	ProjectSection(SolutionItems) = preProject
		new_project.py = new_project.py
		AOCUtilities\order_by_lambda.cs = AOCUtilities\order_by_lambda.cs
	EndProjectSection
EndProject
Global
	GlobalSection(SolutionConfigurationPlatforms) = preSolution
		Debug|Any CPU = Debug|Any CPU
		Release|Any CPU = Release|Any CPU
	EndGlobalSection
	GlobalSection(ProjectConfigurationPlatforms) = postSolution
		{54C5CE66-9B30-4BC3-B9D4-E9C34908568A}.Debug|Any CPU.ActiveCfg = Debug|Any CPU
		{54C5CE66-9B30-4BC3-B9D4-E9C34908568A}.Debug|Any CPU.Build.0 = Debug|Any CPU
		{54C5CE66-9B30-4BC3-B9D4-E9C34908568A}.Release|Any CPU.ActiveCfg = Release|Any CPU
		{54C5CE66-9B30-4BC3-B9D4-E9C34908568A}.Release|Any CPU.Build.0 = Release|Any CPU
		{5472FDD5-54CF-4B8C-952D-C38A98707A07}.Debug|Any CPU.ActiveCfg = Debug|Any CPU
		{5472FDD5-54CF-4B8C-952D-C38A98707A07}.Debug|Any CPU.Build.0 = Debug|Any CPU
		{5472FDD5-54CF-4B8C-952D-C38A98707A07}.Release|Any CPU.ActiveCfg = Release|Any CPU
		{5472FDD5-54CF-4B8C-952D-C38A98707A07}.Release|Any CPU.Build.0 = Release|Any CPU
		{4A610D82-157C-4CE7-9ACF-C400182FCF92}.Debug|Any CPU.ActiveCfg = Debug|Any CPU
		{4A610D82-157C-4CE7-9ACF-C400182FCF92}.Debug|Any CPU.Build.0 = Debug|Any CPU
		{4A610D82-157C-4CE7-9ACF-C400182FCF92}.Release|Any CPU.ActiveCfg = Release|Any CPU
		{4A610D82-157C-4CE7-9ACF-C400182FCF92}.Release|Any CPU.Build.0 = Release|Any CPU
		{F5F296B8-9F1F-461B-87CB-EDB5D0F5094A}.Debug|Any CPU.ActiveCfg = Debug|Any CPU
		{F5F296B8-9F1F-461B-87CB-EDB5D0F5094A}.Debug|Any CPU.Build.0 = Debug|Any CPU
		{F5F296B8-9F1F-461B-87CB-EDB5D0F5094A}.Release|Any CPU.ActiveCfg = Release|Any CPU
		{F5F296B8-9F1F-461B-87CB-EDB5D0F5094A}.Release|Any CPU.Build.0 = Release|Any CPU
		{8568CD3D-3F3D-4F95-80F8-76B28E1D483B}.Debug|Any CPU.ActiveCfg = Debug|Any CPU
		{8568CD3D-3F3D-4F95-80F8-76B28E1D483B}.Debug|Any CPU.Build.0 = Debug|Any CPU
		{8568CD3D-3F3D-4F95-80F8-76B28E1D483B}.Release|Any CPU.ActiveCfg = Release|Any CPU
		{8568CD3D-3F3D-4F95-80F8-76B28E1D483B}.Release|Any CPU.Build.0 = Release|Any CPU
		{BC998212-F485-419E-BEAD-C9E9A41429CE}.Debug|Any CPU.ActiveCfg = Debug|Any CPU
		{BC998212-F485-419E-BEAD-C9E9A41429CE}.Debug|Any CPU.Build.0 = Debug|Any CPU
		{BC998212-F485-419E-BEAD-C9E9A41429CE}.Release|Any CPU.ActiveCfg = Release|Any CPU
		{BC998212-F485-419E-BEAD-C9E9A41429CE}.Release|Any CPU.Build.0 = Release|Any CPU
		{0C7B3E60-1D63-4389-86C9-AB5F9D578BCD}.Debug|Any CPU.ActiveCfg = Debug|Any CPU
		{0C7B3E60-1D63-4389-86C9-AB5F9D578BCD}.Debug|Any CPU.Build.0 = Debug|Any CPU
		{0C7B3E60-1D63-4389-86C9-AB5F9D578BCD}.Release|Any CPU.ActiveCfg = Release|Any CPU
		{0C7B3E60-1D63-4389-86C9-AB5F9D578BCD}.Release|Any CPU.Build.0 = Release|Any CPU
		{F3D0F1F3-D6FC-4626-9411-A0EC8F5D6B93}.Debug|Any CPU.ActiveCfg = Debug|Any CPU
		{F3D0F1F3-D6FC-4626-9411-A0EC8F5D6B93}.Debug|Any CPU.Build.0 = Debug|Any CPU
		{F3D0F1F3-D6FC-4626-9411-A0EC8F5D6B93}.Release|Any CPU.ActiveCfg = Release|Any CPU
		{F3D0F1F3-D6FC-4626-9411-A0EC8F5D6B93}.Release|Any CPU.Build.0 = Release|Any CPU
		{9062AE30-7457-4BBE-BA56-40484FCF317D}.Debug|Any CPU.ActiveCfg = Debug|Any CPU
		{9062AE30-7457-4BBE-BA56-40484FCF317D}.Debug|Any CPU.Build.0 = Debug|Any CPU
		{9062AE30-7457-4BBE-BA56-40484FCF317D}.Release|Any CPU.ActiveCfg = Release|Any CPU
		{9062AE30-7457-4BBE-BA56-40484FCF317D}.Release|Any CPU.Build.0 = Release|Any CPU
		{2E82665D-ACB7-468D-90D2-E36778E8C579}.Debug|Any CPU.ActiveCfg = Debug|Any CPU
		{2E82665D-ACB7-468D-90D2-E36778E8C579}.Debug|Any CPU.Build.0 = Debug|Any CPU
		{2E82665D-ACB7-468D-90D2-E36778E8C579}.Release|Any CPU.ActiveCfg = Release|Any CPU
		{2E82665D-ACB7-468D-90D2-E36778E8C579}.Release|Any CPU.Build.0 = Release|Any CPU
		{0C46014A-412D-4244-B8AD-F78EDB1754DA}.Debug|Any CPU.ActiveCfg = Debug|Any CPU
		{0C46014A-412D-4244-B8AD-F78EDB1754DA}.Debug|Any CPU.Build.0 = Debug|Any CPU
		{0C46014A-412D-4244-B8AD-F78EDB1754DA}.Release|Any CPU.ActiveCfg = Release|Any CPU
		{0C46014A-412D-4244-B8AD-F78EDB1754DA}.Release|Any CPU.Build.0 = Release|Any CPU
		{E4109FA0-E912-4AD4-B48C-190F16C4328C}.Debug|Any CPU.ActiveCfg = Debug|Any CPU
		{E4109FA0-E912-4AD4-B48C-190F16C4328C}.Debug|Any CPU.Build.0 = Debug|Any CPU
		{E4109FA0-E912-4AD4-B48C-190F16C4328C}.Release|Any CPU.ActiveCfg = Release|Any CPU
		{E4109FA0-E912-4AD4-B48C-190F16C4328C}.Release|Any CPU.Build.0 = Release|Any CPU
		{4D3ABD4B-2F87-4BDD-AEB8-77BC97AED010}.Debug|Any CPU.ActiveCfg = Debug|Any CPU
		{4D3ABD4B-2F87-4BDD-AEB8-77BC97AED010}.Debug|Any CPU.Build.0 = Debug|Any CPU
		{4D3ABD4B-2F87-4BDD-AEB8-77BC97AED010}.Release|Any CPU.ActiveCfg = Release|Any CPU
		{4D3ABD4B-2F87-4BDD-AEB8-77BC97AED010}.Release|Any CPU.Build.0 = Release|Any CPU
		{05A9C06A-4F16-4AA3-B097-1DC70CC46F60}.Debug|Any CPU.ActiveCfg = Debug|Any CPU
		{05A9C06A-4F16-4AA3-B097-1DC70CC46F60}.Debug|Any CPU.Build.0 = Debug|Any CPU
		{05A9C06A-4F16-4AA3-B097-1DC70CC46F60}.Release|Any CPU.ActiveCfg = Release|Any CPU
		{05A9C06A-4F16-4AA3-B097-1DC70CC46F60}.Release|Any CPU.Build.0 = Release|Any CPU
		{66A22BD8-ED52-41D2-85EB-C442B546F99F}.Debug|Any CPU.ActiveCfg = Debug|Any CPU
		{66A22BD8-ED52-41D2-85EB-C442B546F99F}.Debug|Any CPU.Build.0 = Debug|Any CPU
		{66A22BD8-ED52-41D2-85EB-C442B546F99F}.Release|Any CPU.ActiveCfg = Release|Any CPU
		{66A22BD8-ED52-41D2-85EB-C442B546F99F}.Release|Any CPU.Build.0 = Release|Any CPU
		{9D802B38-F855-43F4-AEB9-3EF8D07625BB}.Debug|Any CPU.ActiveCfg = Debug|Any CPU
		{9D802B38-F855-43F4-AEB9-3EF8D07625BB}.Debug|Any CPU.Build.0 = Debug|Any CPU
		{9D802B38-F855-43F4-AEB9-3EF8D07625BB}.Release|Any CPU.ActiveCfg = Release|Any CPU
		{9D802B38-F855-43F4-AEB9-3EF8D07625BB}.Release|Any CPU.Build.0 = Release|Any CPU
		{317BF01E-94C3-424B-A558-F9365CC0B231}.Debug|Any CPU.ActiveCfg = Debug|Any CPU
		{317BF01E-94C3-424B-A558-F9365CC0B231}.Debug|Any CPU.Build.0 = Debug|Any CPU
		{317BF01E-94C3-424B-A558-F9365CC0B231}.Release|Any CPU.ActiveCfg = Release|Any CPU
		{317BF01E-94C3-424B-A558-F9365CC0B231}.Release|Any CPU.Build.0 = Release|Any CPU
		{64D60C5B-3F6B-49B3-A568-3BC24F5CC68C}.Debug|Any CPU.ActiveCfg = Debug|Any CPU
		{64D60C5B-3F6B-49B3-A568-3BC24F5CC68C}.Debug|Any CPU.Build.0 = Debug|Any CPU
		{64D60C5B-3F6B-49B3-A568-3BC24F5CC68C}.Release|Any CPU.ActiveCfg = Release|Any CPU
		{64D60C5B-3F6B-49B3-A568-3BC24F5CC68C}.Release|Any CPU.Build.0 = Release|Any CPU
		{E5369BDB-C65A-47E1-BE9B-1976E99D6A19}.Debug|Any CPU.ActiveCfg = Debug|Any CPU
		{E5369BDB-C65A-47E1-BE9B-1976E99D6A19}.Debug|Any CPU.Build.0 = Debug|Any CPU
		{E5369BDB-C65A-47E1-BE9B-1976E99D6A19}.Release|Any CPU.ActiveCfg = Release|Any CPU
		{E5369BDB-C65A-47E1-BE9B-1976E99D6A19}.Release|Any CPU.Build.0 = Release|Any CPU
	EndGlobalSection
	GlobalSection(SolutionProperties) = preSolution
		HideSolutionNode = FALSE
	EndGlobalSection
	GlobalSection(ExtensibilityGlobals) = postSolution
		SolutionGuid = {F0C0EDEE-FEDE-428E-B673-EF3CAEF9D201}
	EndGlobalSection
EndGlobal
